
Microsoft Visual Studio Solution File, Format Version 12.00
# Visual Studio 15
Project("{FAE04EC0-301F-11D3-BF4B-00C04F79EFBC}") = "KonektoCore", "KonektoCore\KonektoCore.csproj", "{3189C558-CEF4-46A3-BA48-5CE5BD861555}"
EndProject
Global
	GlobalSection(SolutionConfigurationPlatforms) = preSolution
		Debug|Any CPU = Debug|Any CPU
		Release|Any CPU = Release|Any CPU
	EndGlobalSection
	GlobalSection(ProjectConfigurationPlatforms) = postSolution
		{3189C558-CEF4-46A3-BA48-5CE5BD861555}.Debug|Any CPU.ActiveCfg = Debug|Any CPU
		{3189C558-CEF4-46A3-BA48-5CE5BD861555}.Debug|Any CPU.Build.0 = Debug|Any CPU
		{3189C558-CEF4-46A3-BA48-5CE5BD861555}.Release|Any CPU.ActiveCfg = Release|Any CPU
		{3189C558-CEF4-46A3-BA48-5CE5BD861555}.Release|Any CPU.Build.0 = Release|Any CPU
	EndGlobalSection
EndGlobal
